
Microsoft Visual Studio Solution File, Format Version 12.00
# Visual Studio Version 17
VisualStudioVersion = 17.9.34607.119
MinimumVisualStudioVersion = 10.0.40219.1
Project("{FAE04EC0-301F-11D3-BF4B-00C04F79EFBC}") = "BlazorApp_Healthy.Server", "BlazorApp_Healthy\Server\BlazorApp_Healthy.Server.csproj", "{1EF23FBE-DE0F-4DA0-A98D-C86CD0BB2A8B}"
EndProject
Project("{FAE04EC0-301F-11D3-BF4B-00C04F79EFBC}") = "BlazorApp_Healthy.Client", "BlazorApp_Healthy\Client\BlazorApp_Healthy.Client.csproj", "{91897F01-DDC4-4131-AD73-E96787DAB7FE}"
EndProject
Project("{FAE04EC0-301F-11D3-BF4B-00C04F79EFBC}") = "BlazorApp_Healthy.Shared", "BlazorApp_Healthy\Shared\BlazorApp_Healthy.Shared.csproj", "{51ABC446-63F5-447D-B161-1DF1BD7A5489}"
EndProject
Global
	GlobalSection(SolutionConfigurationPlatforms) = preSolution
		Debug|Any CPU = Debug|Any CPU
		Release|Any CPU = Release|Any CPU
	EndGlobalSection
	GlobalSection(ProjectConfigurationPlatforms) = postSolution
		{1EF23FBE-DE0F-4DA0-A98D-C86CD0BB2A8B}.Debug|Any CPU.ActiveCfg = Debug|Any CPU
		{1EF23FBE-DE0F-4DA0-A98D-C86CD0BB2A8B}.Debug|Any CPU.Build.0 = Debug|Any CPU
		{1EF23FBE-DE0F-4DA0-A98D-C86CD0BB2A8B}.Release|Any CPU.ActiveCfg = Release|Any CPU
		{1EF23FBE-DE0F-4DA0-A98D-C86CD0BB2A8B}.Release|Any CPU.Build.0 = Release|Any CPU
		{91897F01-DDC4-4131-AD73-E96787DAB7FE}.Debug|Any CPU.ActiveCfg = Debug|Any CPU
		{91897F01-DDC4-4131-AD73-E96787DAB7FE}.Debug|Any CPU.Build.0 = Debug|Any CPU
		{91897F01-DDC4-4131-AD73-E96787DAB7FE}.Release|Any CPU.ActiveCfg = Release|Any CPU
		{91897F01-DDC4-4131-AD73-E96787DAB7FE}.Release|Any CPU.Build.0 = Release|Any CPU
		{51ABC446-63F5-447D-B161-1DF1BD7A5489}.Debug|Any CPU.ActiveCfg = Debug|Any CPU
		{51ABC446-63F5-447D-B161-1DF1BD7A5489}.Debug|Any CPU.Build.0 = Debug|Any CPU
		{51ABC446-63F5-447D-B161-1DF1BD7A5489}.Release|Any CPU.ActiveCfg = Release|Any CPU
		{51ABC446-63F5-447D-B161-1DF1BD7A5489}.Release|Any CPU.Build.0 = Release|Any CPU
	EndGlobalSection
	GlobalSection(SolutionProperties) = preSolution
		HideSolutionNode = FALSE
	EndGlobalSection
	GlobalSection(ExtensibilityGlobals) = postSolution
		SolutionGuid = {E122A8C3-C8F4-44DE-98FC-44E36E10F938}
	EndGlobalSection
EndGlobal
